
Microsoft Visual Studio Solution File, Format Version 12.00
# Visual Studio Version 17
VisualStudioVersion = 17.2.32602.215
MinimumVisualStudioVersion = 10.0.40219.1
Project("{FAE04EC0-301F-11D3-BF4B-00C04F79EFBC}") = "KalculationWPF", "KalculationWPF.csproj", "{FBEB3CA7-D297-4679-84D6-8091AE13FEED}"
EndProject
Global
	GlobalSection(SolutionConfigurationPlatforms) = preSolution
		Debug|Any CPU = Debug|Any CPU
		Release|Any CPU = Release|Any CPU
	EndGlobalSection
	GlobalSection(ProjectConfigurationPlatforms) = postSolution
		{FBEB3CA7-D297-4679-84D6-8091AE13FEED}.Debug|Any CPU.ActiveCfg = Debug|Any CPU
		{FBEB3CA7-D297-4679-84D6-8091AE13FEED}.Debug|Any CPU.Build.0 = Debug|Any CPU
		{FBEB3CA7-D297-4679-84D6-8091AE13FEED}.Release|Any CPU.ActiveCfg = Release|Any CPU
		{FBEB3CA7-D297-4679-84D6-8091AE13FEED}.Release|Any CPU.Build.0 = Release|Any CPU
	EndGlobalSection
	GlobalSection(SolutionProperties) = preSolution
		HideSolutionNode = FALSE
	EndGlobalSection
	GlobalSection(ExtensibilityGlobals) = postSolution
		SolutionGuid = {514CD91A-C66C-4096-BA55-4B11623F30A1}
	EndGlobalSection
EndGlobal
